// !$*UTF8*$!
{
	archiveVersion = 1;
	classes = {
	};
	objectVersion = 50;
	objects = {

/* Begin PBXBuildFile section */
		BECB22082373193700E067CB /* BLEController.swift in Sources */ = {isa = PBXBuildFile; fileRef = BECB22072373193700E067CB /* BLEController.swift */; };
		BEEA6599236F250000F43E9B /* LEDViewController.swift in Sources */ = {isa = PBXBuildFile; fileRef = BEEA6598236F250000F43E9B /* LEDViewController.swift */; };
		BEF0C895236BA63A002AE88F /* AppDelegate.swift in Sources */ = {isa = PBXBuildFile; fileRef = BEF0C894236BA63A002AE88F /* AppDelegate.swift */; };
		BEF0C897236BA63A002AE88F /* SceneDelegate.swift in Sources */ = {isa = PBXBuildFile; fileRef = BEF0C896236BA63A002AE88F /* SceneDelegate.swift */; };
		BEF0C899236BA63A002AE88F /* ViewController.swift in Sources */ = {isa = PBXBuildFile; fileRef = BEF0C898236BA63A002AE88F /* ViewController.swift */; };
		BEF0C89C236BA63A002AE88F /* Main.storyboard in Resources */ = {isa = PBXBuildFile; fileRef = BEF0C89A236BA63A002AE88F /* Main.storyboard */; };
		BEF0C89E236BA64A002AE88F /* Assets.xcassets in Resources */ = {isa = PBXBuildFile; fileRef = BEF0C89D236BA64A002AE88F /* Assets.xcassets */; };
		BEF0C8A1236BA64A002AE88F /* LaunchScreen.storyboard in Resources */ = {isa = PBXBuildFile; fileRef = BEF0C89F236BA64A002AE88F /* LaunchScreen.storyboard */; };
/* End PBXBuildFile section */

/* Begin PBXFileReference section */
		BECB22072373193700E067CB /* BLEController.swift */ = {isa = PBXFileReference; fileEncoding = 4; lastKnownFileType = sourcecode.swift; path = BLEController.swift; sourceTree = "<group>"; };
		BEEA6598236F250000F43E9B /* LEDViewController.swift */ = {isa = PBXFileReference; lastKnownFileType = sourcecode.swift; path = LEDViewController.swift; sourceTree = "<group>"; };
		BEF0C891236BA63A002AE88F /* AvnetPMOD.app */ = {isa = PBXFileReference; explicitFileType = wrapper.application; includeInIndex = 0; path = AvnetPMOD.app; sourceTree = BUILT_PRODUCTS_DIR; };
		BEF0C894236BA63A002AE88F /* AppDelegate.swift */ = {isa = PBXFileReference; lastKnownFileType = sourcecode.swift; path = AppDelegate.swift; sourceTree = "<group>"; };
		BEF0C896236BA63A002AE88F /* SceneDelegate.swift */ = {isa = PBXFileReference; lastKnownFileType = sourcecode.swift; path = SceneDelegate.swift; sourceTree = "<group>"; };
		BEF0C898236BA63A002AE88F /* ViewController.swift */ = {isa = PBXFileReference; lastKnownFileType = sourcecode.swift; path = ViewController.swift; sourceTree = "<group>"; };
		BEF0C89B236BA63A002AE88F /* Base */ = {isa = PBXFileReference; lastKnownFileType = file.storyboard; name = Base; path = Base.lproj/Main.storyboard; sourceTree = "<group>"; };
		BEF0C89D236BA64A002AE88F /* Assets.xcassets */ = {isa = PBXFileReference; lastKnownFileType = folder.assetcatalog; path = Assets.xcassets; sourceTree = "<group>"; };
		BEF0C8A0236BA64A002AE88F /* Base */ = {isa = PBXFileReference; lastKnownFileType = file.storyboard; name = Base; path = Base.lproj/LaunchScreen.storyboard; sourceTree = "<group>"; };
		BEF0C8A2236BA64A002AE88F /* Info.plist */ = {isa = PBXFileReference; lastKnownFileType = text.plist.xml; path = Info.plist; sourceTree = "<group>"; };
/* End PBXFileReference section */

/* Begin PBXFrameworksBuildPhase section */
		BEF0C88E236BA63A002AE88F /* Frameworks */ = {
			isa = PBXFrameworksBuildPhase;
			buildActionMask = 2147483647;
			files = (
			);
			runOnlyForDeploymentPostprocessing = 0;
		};
/* End PBXFrameworksBuildPhase section */

/* Begin PBXGroup section */
		BEF0C888236BA63A002AE88F = {
			isa = PBXGroup;
			children = (
				BEF0C893236BA63A002AE88F /* AvnetPMOD */,
				BEF0C892236BA63A002AE88F /* Products */,
			);
			sourceTree = "<group>";
		};
		BEF0C892236BA63A002AE88F /* Products */ = {
			isa = PBXGroup;
			children = (
				BEF0C891236BA63A002AE88F /* AvnetPMOD.app */,
			);
			name = Products;
			sourceTree = "<group>";
		};
		BEF0C893236BA63A002AE88F /* AvnetPMOD */ = {
			isa = PBXGroup;
			children = (
				BEF0C894236BA63A002AE88F /* AppDelegate.swift */,
				BEF0C896236BA63A002AE88F /* SceneDelegate.swift */,
				BECB22072373193700E067CB /* BLEController.swift */,
				BEF0C898236BA63A002AE88F /* ViewController.swift */,
				BEEA6598236F250000F43E9B /* LEDViewController.swift */,
				BEF0C89A236BA63A002AE88F /* Main.storyboard */,
				BEF0C89D236BA64A002AE88F /* Assets.xcassets */,
				BEF0C89F236BA64A002AE88F /* LaunchScreen.storyboard */,
				BEF0C8A2236BA64A002AE88F /* Info.plist */,
			);
			path = AvnetPMOD;
			sourceTree = "<group>";
		};
/* End PBXGroup section */

/* Begin PBXNativeTarget section */
		BEF0C890236BA63A002AE88F /* AvnetPMOD */ = {
			isa = PBXNativeTarget;
			buildConfigurationList = BEF0C8A5236BA64A002AE88F /* Build configuration list for PBXNativeTarget "AvnetPMOD" */;
			buildPhases = (
				BEF0C88D236BA63A002AE88F /* Sources */,
				BEF0C88E236BA63A002AE88F /* Frameworks */,
				BEF0C88F236BA63A002AE88F /* Resources */,
			);
			buildRules = (
			);
			dependencies = (
			);
			name = AvnetPMOD;
			productName = AvnetPMOD;
			productReference = BEF0C891236BA63A002AE88F /* AvnetPMOD.app */;
			productType = "com.apple.product-type.application";
		};
/* End PBXNativeTarget section */

/* Begin PBXProject section */
		BEF0C889236BA63A002AE88F /* Project object */ = {
			isa = PBXProject;
			attributes = {
				LastSwiftUpdateCheck = 1110;
				LastUpgradeCheck = 1110;
				ORGANIZATIONNAME = "James Flynn";
				TargetAttributes = {
					BEF0C890236BA63A002AE88F = {
						CreatedOnToolsVersion = 11.1;
					};
				};
			};
			buildConfigurationList = BEF0C88C236BA63A002AE88F /* Build configuration list for PBXProject "AvnetPMOD" */;
			compatibilityVersion = "Xcode 9.3";
			developmentRegion = en;
			hasScannedForEncodings = 0;
			knownRegions = (
				en,
				Base,
			);
			mainGroup = BEF0C888236BA63A002AE88F;
			productRefGroup = BEF0C892236BA63A002AE88F /* Products */;
			projectDirPath = "";
			projectRoot = "";
			targets = (
				BEF0C890236BA63A002AE88F /* AvnetPMOD */,
			);
		};
/* End PBXProject section */

/* Begin PBXResourcesBuildPhase section */
		BEF0C88F236BA63A002AE88F /* Resources */ = {
			isa = PBXResourcesBuildPhase;
			buildActionMask = 2147483647;
			files = (
				BEF0C8A1236BA64A002AE88F /* LaunchScreen.storyboard in Resources */,
				BEF0C89E236BA64A002AE88F /* Assets.xcassets in Resources */,
				BEF0C89C236BA63A002AE88F /* Main.storyboard in Resources */,
			);
			runOnlyForDeploymentPostprocessing = 0;
		};
/* End PBXResourcesBuildPhase section */

/* Begin PBXSourcesBuildPhase section */
		BEF0C88D236BA63A002AE88F /* Sources */ = {
			isa = PBXSourcesBuildPhase;
			buildActionMask = 2147483647;
			files = (
				BEF0C899236BA63A002AE88F /* ViewController.swift in Sources */,
				BEF0C895236BA63A002AE88F /* AppDelegate.swift in Sources */,
				BECB22082373193700E067CB /* BLEController.swift in Sources */,
				BEEA6599236F250000F43E9B /* LEDViewController.swift in Sources */,
				BEF0C897236BA63A002AE88F /* SceneDelegate.swift in Sources */,
			);
			runOnlyForDeploymentPostprocessing = 0;
		};
/* End PBXSourcesBuildPhase section */

/* Begin PBXVariantGroup section */
		BEF0C89A236BA63A002AE88F /* Main.storyboard */ = {
			isa = PBXVariantGroup;
			children = (
				BEF0C89B236BA63A002AE88F /* Base */,
			);
			name = Main.storyboard;
			sourceTree = "<group>";
		};
		BEF0C89F236BA64A002AE88F /* LaunchScreen.storyboard */ = {
			isa = PBXVariantGroup;
			children = (
				BEF0C8A0236BA64A002AE88F /* Base */,
			);
			name = LaunchScreen.storyboard;
			sourceTree = "<group>";
		};
/* End PBXVariantGroup section */

/* Begin XCBuildConfiguration section */
		BEF0C8A3236BA64A002AE88F /* Debug */ = {
			isa = XCBuildConfiguration;
			buildSettings = {
				ALWAYS_SEARCH_USER_PATHS = NO;
				CLANG_ANALYZER_NONNULL = YES;
				CLANG_ANALYZER_NUMBER_OBJECT_CONVERSION = YES_AGGRESSIVE;
				CLANG_CXX_LANGUAGE_STANDARD = "gnu++14";
				CLANG_CXX_LIBRARY = "libc++";
				CLANG_ENABLE_MODULES = YES;
				CLANG_ENABLE_OBJC_ARC = YES;
				CLANG_ENABLE_OBJC_WEAK = YES;
				CLANG_WARN_BLOCK_CAPTURE_AUTORELEASING = YES;
				CLANG_WARN_BOOL_CONVERSION = YES;
				CLANG_WARN_COMMA = YES;
				CLANG_WARN_CONSTANT_CONVERSION = YES;
				CLANG_WARN_DEPRECATED_OBJC_IMPLEMENTATIONS = YES;
				CLANG_WARN_DIRECT_OBJC_ISA_USAGE = YES_ERROR;
				CLANG_WARN_DOCUMENTATION_COMMENTS = YES;
				CLANG_WARN_EMPTY_BODY = YES;
				CLANG_WARN_ENUM_CONVERSION = YES;
				CLANG_WARN_INFINITE_RECURSION = YES;
				CLANG_WARN_INT_CONVERSION = YES;
				CLANG_WARN_NON_LITERAL_NULL_CONVERSION = YES;
				CLANG_WARN_OBJC_IMPLICIT_RETAIN_SELF = YES;
				CLANG_WARN_OBJC_LITERAL_CONVERSION = YES;
				CLANG_WARN_OBJC_ROOT_CLASS = YES_ERROR;
				CLANG_WARN_RANGE_LOOP_ANALYSIS = YES;
				CLANG_WARN_STRICT_PROTOTYPES = YES;
				CLANG_WARN_SUSPICIOUS_MOVE = YES;
				CLANG_WARN_UNGUARDED_AVAILABILITY = YES_AGGRESSIVE;
				CLANG_WARN_UNREACHABLE_CODE = YES;
				CLANG_WARN__DUPLICATE_METHOD_MATCH = YES;
				COPY_PHASE_STRIP = NO;
				DEBUG_INFORMATION_FORMAT = dwarf;
				ENABLE_STRICT_OBJC_MSGSEND = YES;
				ENABLE_TESTABILITY = YES;
				GCC_C_LANGUAGE_STANDARD = gnu11;
				GCC_DYNAMIC_NO_PIC = NO;
				GCC_NO_COMMON_BLOCKS = YES;
				GCC_OPTIMIZATION_LEVEL = 0;
				GCC_PREPROCESSOR_DEFINITIONS = (
					"DEBUG=1",
					"$(inherited)",
				);
				GCC_WARN_64_TO_32_BIT_CONVERSION = YES;
				GCC_WARN_ABOUT_RETURN_TYPE = YES_ERROR;
				GCC_WARN_UNDECLARED_SELECTOR = YES;
				GCC_WARN_UNINITIALIZED_AUTOS = YES_AGGRESSIVE;
				GCC_WARN_UNUSED_FUNCTION = YES;
				GCC_WARN_UNUSED_VARIABLE = YES;
				IPHONEOS_DEPLOYMENT_TARGET = 13.1;
				MTL_ENABLE_DEBUG_INFO = INCLUDE_SOURCE;
				MTL_FAST_MATH = YES;
				ONLY_ACTIVE_ARCH = YES;
				SDKROOT = iphoneos;
				SWIFT_ACTIVE_COMPILATION_CONDITIONS = DEBUG;
				SWIFT_OPTIMIZATION_LEVEL = "-Onone";
			};
			name = Debug;
		};
		BEF0C8A4236BA64A002AE88F /* Release */ = {
			isa = XCBuildConfiguration;
			buildSettings = {
				ALWAYS_SEARCH_USER_PATHS = NO;
				CLANG_ANALYZER_NONNULL = YES;
				CLANG_ANALYZER_NUMBER_OBJECT_CONVERSION = YES_AGGRESSIVE;
				CLANG_CXX_LANGUAGE_STANDARD = "gnu++14";
				CLANG_CXX_LIBRARY = "libc++";
				CLANG_ENABLE_MODULES = YES;
				CLANG_ENABLE_OBJC_ARC = YES;
				CLANG_ENABLE_OBJC_WEAK = YES;
				CLANG_WARN_BLOCK_CAPTURE_AUTORELEASING = YES;
				CLANG_WARN_BOOL_CONVERSION = YES;
				CLANG_WARN_COMMA = YES;
				CLANG_WARN_CONSTANT_CONVERSION = YES;
				CLANG_WARN_DEPRECATED_OBJC_IMPLEMENTATIONS = YES;
				CLANG_WARN_DIRECT_OBJC_ISA_USAGE = YES_ERROR;
				CLANG_WARN_DOCUMENTATION_COMMENTS = YES;
				CLANG_WARN_EMPTY_BODY = YES;
				CLANG_WARN_ENUM_CONVERSION = YES;
				CLANG_WARN_INFINITE_RECURSION = YES;
				CLANG_WARN_INT_CONVERSION = YES;
				CLANG_WARN_NON_LITERAL_NULL_CONVERSION = YES;
				CLANG_WARN_OBJC_IMPLICIT_RETAIN_SELF = YES;
				CLANG_WARN_OBJC_LITERAL_CONVERSION = YES;
				CLANG_WARN_OBJC_ROOT_CLASS = YES_ERROR;
				CLANG_WARN_RANGE_LOOP_ANALYSIS = YES;
				CLANG_WARN_STRICT_PROTOTYPES = YES;
				CLANG_WARN_SUSPICIOUS_MOVE = YES;
				CLANG_WARN_UNGUARDED_AVAILABILITY = YES_AGGRESSIVE;
				CLANG_WARN_UNREACHABLE_CODE = YES;
				CLANG_WARN__DUPLICATE_METHOD_MATCH = YES;
				COPY_PHASE_STRIP = NO;
				DEBUG_INFORMATION_FORMAT = "dwarf-with-dsym";
				ENABLE_NS_ASSERTIONS = NO;
				ENABLE_STRICT_OBJC_MSGSEND = YES;
				GCC_C_LANGUAGE_STANDARD = gnu11;
				GCC_NO_COMMON_BLOCKS = YES;
				GCC_WARN_64_TO_32_BIT_CONVERSION = YES;
				GCC_WARN_ABOUT_RETURN_TYPE = YES_ERROR;
				GCC_WARN_UNDECLARED_SELECTOR = YES;
				GCC_WARN_UNINITIALIZED_AUTOS = YES_AGGRESSIVE;
				GCC_WARN_UNUSED_FUNCTION = YES;
				GCC_WARN_UNUSED_VARIABLE = YES;
				IPHONEOS_DEPLOYMENT_TARGET = 13.1;
				MTL_ENABLE_DEBUG_INFO = NO;
				MTL_FAST_MATH = YES;
				SDKROOT = iphoneos;
				SWIFT_COMPILATION_MODE = wholemodule;
				SWIFT_OPTIMIZATION_LEVEL = "-O";
				VALIDATE_PRODUCT = YES;
			};
			name = Release;
		};
		BEF0C8A6236BA64A002AE88F /* Debug */ = {
			isa = XCBuildConfiguration;
			buildSettings = {
				ASSETCATALOG_COMPILER_APPICON_NAME = AppIcon;
				CODE_SIGN_STYLE = Automatic;
				DEVELOPMENT_TEAM = 25G4CDJAMQ;
				INFOPLIST_FILE = AvnetPMOD/Info.plist;
				IPHONEOS_DEPLOYMENT_TARGET = 13.0;
				LD_RUNPATH_SEARCH_PATHS = (
					"$(inherited)",
					"@executable_path/Frameworks",
				);
				PRODUCT_BUNDLE_IDENTIFIER = home.AvnetPMOD;
				PRODUCT_NAME = "$(TARGET_NAME)";
				SWIFT_VERSION = 5.0;
				TARGETED_DEVICE_FAMILY = "1,2";
			};
			name = Debug;
		};
		BEF0C8A7236BA64A002AE88F /* Release */ = {
			isa = XCBuildConfiguration;
			buildSettings = {
				ASSETCATALOG_COMPILER_APPICON_NAME = AppIcon;
				CODE_SIGN_STYLE = Automatic;
				DEVELOPMENT_TEAM = 25G4CDJAMQ;
				INFOPLIST_FILE = AvnetPMOD/Info.plist;
				IPHONEOS_DEPLOYMENT_TARGET = 13.0;
				LD_RUNPATH_SEARCH_PATHS = (
					"$(inherited)",
					"@executable_path/Frameworks",
				);
				PRODUCT_BUNDLE_IDENTIFIER = home.AvnetPMOD;
				PRODUCT_NAME = "$(TARGET_NAME)";
				SWIFT_VERSION = 5.0;
				TARGETED_DEVICE_FAMILY = "1,2";
			};
			name = Release;
		};
/* End XCBuildConfiguration section */

/* Begin XCConfigurationList section */
		BEF0C88C236BA63A002AE88F /* Build configuration list for PBXProject "AvnetPMOD" */ = {
			isa = XCConfigurationList;
			buildConfigurations = (
				BEF0C8A3236BA64A002AE88F /* Debug */,
				BEF0C8A4236BA64A002AE88F /* Release */,
			);
			defaultConfigurationIsVisible = 0;
			defaultConfigurationName = Release;
		};
		BEF0C8A5236BA64A002AE88F /* Build configuration list for PBXNativeTarget "AvnetPMOD" */ = {
			isa = XCConfigurationList;
			buildConfigurations = (
				BEF0C8A6236BA64A002AE88F /* Debug */,
				BEF0C8A7236BA64A002AE88F /* Release */,
			);
			defaultConfigurationIsVisible = 0;
			defaultConfigurationName = Release;
		};
/* End XCConfigurationList section */
	};
	rootObject = BEF0C889236BA63A002AE88F /* Project object */;
}
